
Microsoft Visual Studio Solution File, Format Version 11.00
# Visual Studio 2010
Project("{E24C65DC-7377-472B-9ABA-BC803B73C61A}") = "My Project", ".", "{FE60CFA7-EDC4-4F9E-8574-85240DB2DE0D}"
	ProjectSection(WebsiteProperties) = preProject
		Frontpage = "false"
		TargetFrameworkMoniker = ".NETFramework,Version%3Dv4.0"
		Debug.AspNetCompiler.VirtualPath = "/My Project"
		Debug.AspNetCompiler.PhysicalPath = "..\..\..\..\Desktop\My Project\My Project\"
		Debug.AspNetCompiler.TargetPath = "PrecompiledWeb\My Project\"
		Debug.AspNetCompiler.Updateable = "true"
		Debug.AspNetCompiler.ForceOverwrite = "true"
		Debug.AspNetCompiler.FixedNames = "false"
		Debug.AspNetCompiler.Debug = "True"
		Release.AspNetCompiler.VirtualPath = "/My Project"
		Release.AspNetCompiler.PhysicalPath = "..\..\..\..\Desktop\My Project\My Project\"
		Release.AspNetCompiler.TargetPath = "PrecompiledWeb\My Project\"
		Release.AspNetCompiler.Updateable = "true"
		Release.AspNetCompiler.ForceOverwrite = "true"
		Release.AspNetCompiler.FixedNames = "false"
		Release.AspNetCompiler.Debug = "False"
		VWDPort = "49704"
	EndProjectSection
EndProject
Global
	GlobalSection(SolutionConfigurationPlatforms) = preSolution
		Debug|Any CPU = Debug|Any CPU
	EndGlobalSection
	GlobalSection(ProjectConfigurationPlatforms) = postSolution
		{FE60CFA7-EDC4-4F9E-8574-85240DB2DE0D}.Debug|Any CPU.ActiveCfg = Debug|Any CPU
		{FE60CFA7-EDC4-4F9E-8574-85240DB2DE0D}.Debug|Any CPU.Build.0 = Debug|Any CPU
	EndGlobalSection
	GlobalSection(SolutionProperties) = preSolution
		HideSolutionNode = FALSE
	EndGlobalSection
EndGlobal
